
Microsoft Visual Studio Solution File, Format Version 12.00
# Visual Studio 15
VisualStudioVersion = 15.0.26124.0
MinimumVisualStudioVersion = 15.0.26124.0
Project("{2150E333-8FDC-42A3-9474-1A3956D46DE8}") = "src", "src", "{58E6DF82-A8F0-497D-B425-7BFFCDDBAE58}"
EndProject
Project("{F2A71F9B-5D33-465A-A702-920D77279786}") = "Library", "src\Library\Library.fsproj", "{48950722-B063-4261-9DE0-F3C9F62D2F99}"
EndProject
Project("{F2A71F9B-5D33-465A-A702-920D77279786}") = "App", "src\App\App.fsproj", "{FF633F52-DCCF-433E-BEAD-CCDEC969E357}"
EndProject
Global
	GlobalSection(SolutionConfigurationPlatforms) = preSolution
		Debug|Any CPU = Debug|Any CPU
		Debug|x64 = Debug|x64
		Debug|x86 = Debug|x86
		Release|Any CPU = Release|Any CPU
		Release|x64 = Release|x64
		Release|x86 = Release|x86
	EndGlobalSection
	GlobalSection(SolutionProperties) = preSolution
		HideSolutionNode = FALSE
	EndGlobalSection
	GlobalSection(ProjectConfigurationPlatforms) = postSolution
		{48950722-B063-4261-9DE0-F3C9F62D2F99}.Debug|Any CPU.ActiveCfg = Debug|Any CPU
		{48950722-B063-4261-9DE0-F3C9F62D2F99}.Debug|Any CPU.Build.0 = Debug|Any CPU
		{48950722-B063-4261-9DE0-F3C9F62D2F99}.Debug|x64.ActiveCfg = Debug|Any CPU
		{48950722-B063-4261-9DE0-F3C9F62D2F99}.Debug|x64.Build.0 = Debug|Any CPU
		{48950722-B063-4261-9DE0-F3C9F62D2F99}.Debug|x86.ActiveCfg = Debug|Any CPU
		{48950722-B063-4261-9DE0-F3C9F62D2F99}.Debug|x86.Build.0 = Debug|Any CPU
		{48950722-B063-4261-9DE0-F3C9F62D2F99}.Release|Any CPU.ActiveCfg = Release|Any CPU
		{48950722-B063-4261-9DE0-F3C9F62D2F99}.Release|Any CPU.Build.0 = Release|Any CPU
		{48950722-B063-4261-9DE0-F3C9F62D2F99}.Release|x64.ActiveCfg = Release|Any CPU
		{48950722-B063-4261-9DE0-F3C9F62D2F99}.Release|x64.Build.0 = Release|Any CPU
		{48950722-B063-4261-9DE0-F3C9F62D2F99}.Release|x86.ActiveCfg = Release|Any CPU
		{48950722-B063-4261-9DE0-F3C9F62D2F99}.Release|x86.Build.0 = Release|Any CPU
		{FF633F52-DCCF-433E-BEAD-CCDEC969E357}.Debug|Any CPU.ActiveCfg = Debug|Any CPU
		{FF633F52-DCCF-433E-BEAD-CCDEC969E357}.Debug|Any CPU.Build.0 = Debug|Any CPU
		{FF633F52-DCCF-433E-BEAD-CCDEC969E357}.Debug|x64.ActiveCfg = Debug|Any CPU
		{FF633F52-DCCF-433E-BEAD-CCDEC969E357}.Debug|x64.Build.0 = Debug|Any CPU
		{FF633F52-DCCF-433E-BEAD-CCDEC969E357}.Debug|x86.ActiveCfg = Debug|Any CPU
		{FF633F52-DCCF-433E-BEAD-CCDEC969E357}.Debug|x86.Build.0 = Debug|Any CPU
		{FF633F52-DCCF-433E-BEAD-CCDEC969E357}.Release|Any CPU.ActiveCfg = Release|Any CPU
		{FF633F52-DCCF-433E-BEAD-CCDEC969E357}.Release|Any CPU.Build.0 = Release|Any CPU
		{FF633F52-DCCF-433E-BEAD-CCDEC969E357}.Release|x64.ActiveCfg = Release|Any CPU
		{FF633F52-DCCF-433E-BEAD-CCDEC969E357}.Release|x64.Build.0 = Release|Any CPU
		{FF633F52-DCCF-433E-BEAD-CCDEC969E357}.Release|x86.ActiveCfg = Release|Any CPU
		{FF633F52-DCCF-433E-BEAD-CCDEC969E357}.Release|x86.Build.0 = Release|Any CPU
	EndGlobalSection
	GlobalSection(NestedProjects) = preSolution
		{48950722-B063-4261-9DE0-F3C9F62D2F99} = {58E6DF82-A8F0-497D-B425-7BFFCDDBAE58}
		{FF633F52-DCCF-433E-BEAD-CCDEC969E357} = {58E6DF82-A8F0-497D-B425-7BFFCDDBAE58}
	EndGlobalSection
EndGlobal
